
Microsoft Visual Studio Solution File, Format Version 12.00
# Visual Studio 15
VisualStudioVersion = 15.0.27428.2043
MinimumVisualStudioVersion = 10.0.40219.1
Project("{9A19103F-16F7-4668-BE54-9A1E7A4F7556}") = "IW.API.CSharp", "IW.API.CSharp\IW.API.CSharp.csproj", "{746D5482-A896-402D-BB66-42CF09496BC4}"
EndProject
Project("{E53339B2-1760-4266-BCC7-CA923CBCF16C}") = "docker-compose", "docker-compose.dcproj", "{57B6CD52-2788-433C-9AEC-C87934636D61}"
EndProject
Project("{9A19103F-16F7-4668-BE54-9A1E7A4F7556}") = "IW.API.CSharp.Tests", "IW.API.CSharp.Tests\IW.API.CSharp.Tests.csproj", "{7E88E8F2-8A7B-47E8-BBB2-412ED74C7335}"
EndProject
Global
	GlobalSection(SolutionConfigurationPlatforms) = preSolution
		Debug|Any CPU = Debug|Any CPU
		Release|Any CPU = Release|Any CPU
	EndGlobalSection
	GlobalSection(ProjectConfigurationPlatforms) = postSolution
		{746D5482-A896-402D-BB66-42CF09496BC4}.Debug|Any CPU.ActiveCfg = Debug|Any CPU
		{746D5482-A896-402D-BB66-42CF09496BC4}.Debug|Any CPU.Build.0 = Debug|Any CPU
		{746D5482-A896-402D-BB66-42CF09496BC4}.Release|Any CPU.ActiveCfg = Release|Any CPU
		{746D5482-A896-402D-BB66-42CF09496BC4}.Release|Any CPU.Build.0 = Release|Any CPU
		{57B6CD52-2788-433C-9AEC-C87934636D61}.Debug|Any CPU.ActiveCfg = Debug|Any CPU
		{57B6CD52-2788-433C-9AEC-C87934636D61}.Debug|Any CPU.Build.0 = Debug|Any CPU
		{57B6CD52-2788-433C-9AEC-C87934636D61}.Release|Any CPU.ActiveCfg = Release|Any CPU
		{57B6CD52-2788-433C-9AEC-C87934636D61}.Release|Any CPU.Build.0 = Release|Any CPU
		{7E88E8F2-8A7B-47E8-BBB2-412ED74C7335}.Debug|Any CPU.ActiveCfg = Debug|Any CPU
		{7E88E8F2-8A7B-47E8-BBB2-412ED74C7335}.Debug|Any CPU.Build.0 = Debug|Any CPU
		{7E88E8F2-8A7B-47E8-BBB2-412ED74C7335}.Release|Any CPU.ActiveCfg = Release|Any CPU
		{7E88E8F2-8A7B-47E8-BBB2-412ED74C7335}.Release|Any CPU.Build.0 = Release|Any CPU
	EndGlobalSection
	GlobalSection(SolutionProperties) = preSolution
		HideSolutionNode = FALSE
	EndGlobalSection
	GlobalSection(ExtensibilityGlobals) = postSolution
		SolutionGuid = {ABC01774-537F-4BCC-8F79-466875B661BA}
	EndGlobalSection
EndGlobal
